
Microsoft Visual Studio Solution File, Format Version 12.00
# Visual Studio Version 17
VisualStudioVersion = 17.0.31903.59
MinimumVisualStudioVersion = 10.0.40219.1
Project("{FAE04EC0-301F-11D3-BF4B-00C04F79EFBC}") = "TypeInjection", "TypeInjection\TypeInjection.csproj", "{17700E25-FD96-4049-B151-D032BB57EF77}"
EndProject
Project("{FAE04EC0-301F-11D3-BF4B-00C04F79EFBC}") = "TypeInjection.Test", "TypeInjection.Test\TypeInjection.Test.csproj", "{4AEB3567-1D06-46A9-9B9F-829AA8D4D353}"
EndProject
Project("{FAE04EC0-301F-11D3-BF4B-00C04F79EFBC}") = "Example", "Example\Example.csproj", "{3B392F2E-8B37-4462-918A-1D0AC7CB68F6}"
EndProject
Global
	GlobalSection(SolutionConfigurationPlatforms) = preSolution
		Debug|Any CPU = Debug|Any CPU
		Release|Any CPU = Release|Any CPU
	EndGlobalSection
	GlobalSection(SolutionProperties) = preSolution
		HideSolutionNode = FALSE
	EndGlobalSection
	GlobalSection(ProjectConfigurationPlatforms) = postSolution
		{4AEB3567-1D06-46A9-9B9F-829AA8D4D353}.Debug|Any CPU.ActiveCfg = Debug|Any CPU
		{4AEB3567-1D06-46A9-9B9F-829AA8D4D353}.Debug|Any CPU.Build.0 = Debug|Any CPU
		{4AEB3567-1D06-46A9-9B9F-829AA8D4D353}.Release|Any CPU.ActiveCfg = Release|Any CPU
		{4AEB3567-1D06-46A9-9B9F-829AA8D4D353}.Release|Any CPU.Build.0 = Release|Any CPU
		{17700E25-FD96-4049-B151-D032BB57EF77}.Debug|Any CPU.ActiveCfg = Debug|Any CPU
		{17700E25-FD96-4049-B151-D032BB57EF77}.Debug|Any CPU.Build.0 = Debug|Any CPU
		{17700E25-FD96-4049-B151-D032BB57EF77}.Release|Any CPU.ActiveCfg = Release|Any CPU
		{17700E25-FD96-4049-B151-D032BB57EF77}.Release|Any CPU.Build.0 = Release|Any CPU
		{3B392F2E-8B37-4462-918A-1D0AC7CB68F6}.Debug|Any CPU.ActiveCfg = Debug|Any CPU
		{3B392F2E-8B37-4462-918A-1D0AC7CB68F6}.Debug|Any CPU.Build.0 = Debug|Any CPU
		{3B392F2E-8B37-4462-918A-1D0AC7CB68F6}.Release|Any CPU.ActiveCfg = Release|Any CPU
		{3B392F2E-8B37-4462-918A-1D0AC7CB68F6}.Release|Any CPU.Build.0 = Release|Any CPU
	EndGlobalSection
EndGlobal
